PODS:
  - CocoaAsyncSocket (7.6.3)
  - SSZipArchive (2.1.4)

DEPENDENCIES:
  - CocoaAsyncSocket
  - SSZipArchive

SPEC REPOS:
  https://github.com/CocoaPods/Specs.git:
    - CocoaAsyncSocket
    - SSZipArchive

SPEC CHECKSUMS:
  CocoaAsyncSocket: eafaa68a7e0ec99ead0a7b35015e0bf25d2c8987
  SSZipArchive: 41455d4b8d2b6ab93990820b50dc697c2554a322

PODFILE CHECKSUM: 1b5ec5af365eac7132f4dd6edf1c4f7845dc325d

COCOAPODS: 1.5.0
